
Microsoft Visual Studio Solution File, Format Version 12.00
# Visual Studio Version 16
VisualStudioVersion = 16.0.30804.86
MinimumVisualStudioVersion = 10.0.40219.1
Project("{FAE04EC0-301F-11D3-BF4B-00C04F79EFBC}") = "AffinidiHackathon", "AffinidiHackathon\AffinidiHackathon.csproj", "{13CF9866-24CF-4BC3-8BD5-31C71DE99730}"
EndProject
Global
	GlobalSection(SolutionConfigurationPlatforms) = preSolution
		Debug|Any CPU = Debug|Any CPU
		Release|Any CPU = Release|Any CPU
	EndGlobalSection
	GlobalSection(ProjectConfigurationPlatforms) = postSolution
		{13CF9866-24CF-4BC3-8BD5-31C71DE99730}.Debug|Any CPU.ActiveCfg = Debug|Any CPU
		{13CF9866-24CF-4BC3-8BD5-31C71DE99730}.Debug|Any CPU.Build.0 = Debug|Any CPU
		{13CF9866-24CF-4BC3-8BD5-31C71DE99730}.Release|Any CPU.ActiveCfg = Release|Any CPU
		{13CF9866-24CF-4BC3-8BD5-31C71DE99730}.Release|Any CPU.Build.0 = Release|Any CPU
	EndGlobalSection
	GlobalSection(SolutionProperties) = preSolution
		HideSolutionNode = FALSE
	EndGlobalSection
	GlobalSection(ExtensibilityGlobals) = postSolution
		SolutionGuid = {87C310EF-5329-4844-8D1C-DB19914804E7}
	EndGlobalSection
EndGlobal
